
Microsoft Visual Studio Solution File, Format Version 12.00
# Visual Studio Version 16
VisualStudioVersion = 16.0.30225.117
MinimumVisualStudioVersion = 10.0.40219.1
Project("{FAE04EC0-301F-11D3-BF4B-00C04F79EFBC}") = "ConsoleGomoku", "ConsoleGomoku\ConsoleGomoku.csproj", "{61529085-249D-4C17-9031-EC6FE86B9774}"
EndProject
Global
	GlobalSection(SolutionConfigurationPlatforms) = preSolution
		Debug|Any CPU = Debug|Any CPU
		Release|Any CPU = Release|Any CPU
	EndGlobalSection
	GlobalSection(ProjectConfigurationPlatforms) = postSolution
		{61529085-249D-4C17-9031-EC6FE86B9774}.Debug|Any CPU.ActiveCfg = Debug|Any CPU
		{61529085-249D-4C17-9031-EC6FE86B9774}.Debug|Any CPU.Build.0 = Debug|Any CPU
		{61529085-249D-4C17-9031-EC6FE86B9774}.Release|Any CPU.ActiveCfg = Release|Any CPU
		{61529085-249D-4C17-9031-EC6FE86B9774}.Release|Any CPU.Build.0 = Release|Any CPU
	EndGlobalSection
	GlobalSection(SolutionProperties) = preSolution
		HideSolutionNode = FALSE
	EndGlobalSection
	GlobalSection(ExtensibilityGlobals) = postSolution
		SolutionGuid = {6B16F7B4-0EED-412E-A00F-E4B928E1EE2F}
	EndGlobalSection
EndGlobal
