
Microsoft Visual Studio Solution File, Format Version 12.00
# Visual Studio Version 16
VisualStudioVersion = 16.0.30225.117
MinimumVisualStudioVersion = 10.0.40219.1
Project("{FAE04EC0-301F-11D3-BF4B-00C04F79EFBC}") = "ConsoleGomokuV2.0", "ConsoleGomokuV2.0\ConsoleGomokuV2.0.csproj", "{BA664679-D1BE-4152-9BFD-961D1802B073}"
EndProject
Global
	GlobalSection(SolutionConfigurationPlatforms) = preSolution
		Debug|Any CPU = Debug|Any CPU
		Release|Any CPU = Release|Any CPU
	EndGlobalSection
	GlobalSection(ProjectConfigurationPlatforms) = postSolution
		{BA664679-D1BE-4152-9BFD-961D1802B073}.Debug|Any CPU.ActiveCfg = Debug|Any CPU
		{BA664679-D1BE-4152-9BFD-961D1802B073}.Debug|Any CPU.Build.0 = Debug|Any CPU
		{BA664679-D1BE-4152-9BFD-961D1802B073}.Release|Any CPU.ActiveCfg = Release|Any CPU
		{BA664679-D1BE-4152-9BFD-961D1802B073}.Release|Any CPU.Build.0 = Release|Any CPU
	EndGlobalSection
	GlobalSection(SolutionProperties) = preSolution
		HideSolutionNode = FALSE
	EndGlobalSection
	GlobalSection(ExtensibilityGlobals) = postSolution
		SolutionGuid = {D4032892-04C8-4D0B-80FC-8482E95572EC}
	EndGlobalSection
EndGlobal
